
Microsoft Visual Studio Solution File, Format Version 11.00
# Visual Studio 2010
Project("{FAE04EC0-301F-11D3-BF4B-00C04F79EFBC}") = "YooAsset", "YooAsset.csproj", "{e8c3eaf5-7a92-d8cf-c82a-498f96b23683}"
EndProject
Project("{FAE04EC0-301F-11D3-BF4B-00C04F79EFBC}") = "UniTask", "UniTask.csproj", "{5b17b744-4798-fab5-4a43-ae560c93b9ae}"
EndProject
Project("{FAE04EC0-301F-11D3-BF4B-00C04F79EFBC}") = "Assembly-CSharp", "Assembly-CSharp.csproj", "{b0db1c9a-1867-9f25-f43c-9c6e6e1c128e}"
EndProject
Project("{FAE04EC0-301F-11D3-BF4B-00C04F79EFBC}") = "UniTask.Linq", "UniTask.Linq.csproj", "{3ea2c5dc-58ef-6e05-55a4-c7942d5fffa3}"
EndProject
Project("{FAE04EC0-301F-11D3-BF4B-00C04F79EFBC}") = "UniTask.DOTween", "UniTask.DOTween.csproj", "{052f383c-fc3c-5c18-c147-1588a2ebcc89}"
EndProject
Project("{FAE04EC0-301F-11D3-BF4B-00C04F79EFBC}") = "UniTask.TextMeshPro", "UniTask.TextMeshPro.csproj", "{c0d54634-a755-7a5d-1b5e-03ef3340911e}"
EndProject
Project("{FAE04EC0-301F-11D3-BF4B-00C04F79EFBC}") = "UniTask.Addressables", "UniTask.Addressables.csproj", "{2bf22cc4-0300-bc7d-87be-26e8d07b112c}"
EndProject
Project("{FAE04EC0-301F-11D3-BF4B-00C04F79EFBC}") = "YooAsset.Editor", "YooAsset.Editor.csproj", "{b733e832-2fa2-70b6-4ce7-f61c5b18eca0}"
EndProject
Project("{FAE04EC0-301F-11D3-BF4B-00C04F79EFBC}") = "UniTask.Editor", "UniTask.Editor.csproj", "{d27808a4-895e-6142-5c85-c0ac46d9cc63}"
EndProject
Project("{FAE04EC0-301F-11D3-BF4B-00C04F79EFBC}") = "Assembly-CSharp-Editor", "Assembly-CSharp-Editor.csproj", "{2d96bbea-364d-5eb8-aa2b-65a9b821818d}"
EndProject
Project("{FAE04EC0-301F-11D3-BF4B-00C04F79EFBC}") = "Assembly-CSharp-firstpass", "Assembly-CSharp-firstpass.csproj", "{76b5f523-56cb-8ab1-ce5f-0b319f9ad5c0}"
EndProject
Global
	GlobalSection(SolutionConfigurationPlatforms) = preSolution
		Debug|Any CPU = Debug|Any CPU
	EndGlobalSection
	GlobalSection(ProjectConfigurationPlatforms) = postSolution
		{e8c3eaf5-7a92-d8cf-c82a-498f96b23683}.Debug|Any CPU.ActiveCfg = Debug|Any CPU
		{e8c3eaf5-7a92-d8cf-c82a-498f96b23683}.Debug|Any CPU.Build.0 = Debug|Any CPU
		{5b17b744-4798-fab5-4a43-ae560c93b9ae}.Debug|Any CPU.ActiveCfg = Debug|Any CPU
		{5b17b744-4798-fab5-4a43-ae560c93b9ae}.Debug|Any CPU.Build.0 = Debug|Any CPU
		{b0db1c9a-1867-9f25-f43c-9c6e6e1c128e}.Debug|Any CPU.ActiveCfg = Debug|Any CPU
		{b0db1c9a-1867-9f25-f43c-9c6e6e1c128e}.Debug|Any CPU.Build.0 = Debug|Any CPU
		{3ea2c5dc-58ef-6e05-55a4-c7942d5fffa3}.Debug|Any CPU.ActiveCfg = Debug|Any CPU
		{3ea2c5dc-58ef-6e05-55a4-c7942d5fffa3}.Debug|Any CPU.Build.0 = Debug|Any CPU
		{052f383c-fc3c-5c18-c147-1588a2ebcc89}.Debug|Any CPU.ActiveCfg = Debug|Any CPU
		{052f383c-fc3c-5c18-c147-1588a2ebcc89}.Debug|Any CPU.Build.0 = Debug|Any CPU
		{c0d54634-a755-7a5d-1b5e-03ef3340911e}.Debug|Any CPU.ActiveCfg = Debug|Any CPU
		{c0d54634-a755-7a5d-1b5e-03ef3340911e}.Debug|Any CPU.Build.0 = Debug|Any CPU
		{2bf22cc4-0300-bc7d-87be-26e8d07b112c}.Debug|Any CPU.ActiveCfg = Debug|Any CPU
		{2bf22cc4-0300-bc7d-87be-26e8d07b112c}.Debug|Any CPU.Build.0 = Debug|Any CPU
		{b733e832-2fa2-70b6-4ce7-f61c5b18eca0}.Debug|Any CPU.ActiveCfg = Debug|Any CPU
		{b733e832-2fa2-70b6-4ce7-f61c5b18eca0}.Debug|Any CPU.Build.0 = Debug|Any CPU
		{d27808a4-895e-6142-5c85-c0ac46d9cc63}.Debug|Any CPU.ActiveCfg = Debug|Any CPU
		{d27808a4-895e-6142-5c85-c0ac46d9cc63}.Debug|Any CPU.Build.0 = Debug|Any CPU
		{2d96bbea-364d-5eb8-aa2b-65a9b821818d}.Debug|Any CPU.ActiveCfg = Debug|Any CPU
		{2d96bbea-364d-5eb8-aa2b-65a9b821818d}.Debug|Any CPU.Build.0 = Debug|Any CPU
		{76b5f523-56cb-8ab1-ce5f-0b319f9ad5c0}.Debug|Any CPU.ActiveCfg = Debug|Any CPU
		{76b5f523-56cb-8ab1-ce5f-0b319f9ad5c0}.Debug|Any CPU.Build.0 = Debug|Any CPU
	EndGlobalSection
	GlobalSection(SolutionProperties) = preSolution
		HideSolutionNode = FALSE
	EndGlobalSection
EndGlobal
